version = 1
requires-python = ">=3.11"

[[package]]
name = "file-rename"
version = "0.1.0"
source = { virtual = "." }
dependencies = [
    { name = "pyexiftool" },
]

[package.metadata]
requires-dist = [{ name = "pyexiftool", specifier = ">=0.5.6" }]

[[package]]
name = "pyexiftool"
version = "0.5.6"
source = { registry = "https://pypi.org/simple" }
sdist = { url = "https://files.pythonhosted.org/packages/5e/48/406da6691d15abf3c8d399bce8bc588709a5b54e857fd7c22dad2f90c33c/PyExifTool-0.5.6.tar.gz", hash = "sha256:22a972c1c212d1ad5f61916fded5057333dcc48fb8e42eed12d2ff9665b367ae", size = 56365 }
wheels = [
    { url = "https://files.pythonhosted.org/packages/fc/b9/175e9a1f8f3f94b22f622f0fcac853ae2c43cb4ac6034f849269c6086dac/PyExifTool-0.5.6-py3-none-any.whl", hash = "sha256:ac7d7836d2bf373f20aa558528f6b2222c4c0d896ed28c951a3ff8e6cec05a87", size = 51243 },
]
